
Microsoft Visual Studio Solution File, Format Version 12.00
# Visual Studio 14
VisualStudioVersion = 14.0.23107.0
MinimumVisualStudioVersion = 10.0.40219.1
Project("{FAE04EC0-301F-11D3-BF4B-00C04F79EFBC}") = "SkyBillViewer", "SkyBillViewer\SkyBillViewer.csproj", "{50B7B994-61DA-432C-A9E3-EC9D7A9C473E}"
EndProject
Project("{FAE04EC0-301F-11D3-BF4B-00C04F79EFBC}") = "SkyBillViewer.Tests", "SkyBillViewer.Tests\SkyBillViewer.Tests.csproj", "{5E6E6C98-320D-4877-95BE-9BD441AD7777}"
EndProject
Project("{FAE04EC0-301F-11D3-BF4B-00C04F79EFBC}") = "SkyBillViewer.Web.Caching", "SkyBillViewer.Web.Caching\SkyBillViewer.Web.Caching.csproj", "{96BFD683-6960-474F-8D41-2CB54CA76F04}"
EndProject
Global
	GlobalSection(SolutionConfigurationPlatforms) = preSolution
		Andy|Any CPU = Andy|Any CPU
		Andy|ARM = Andy|ARM
		Andy|x64 = Andy|x64
		Andy|x86 = Andy|x86
		Debug|Any CPU = Debug|Any CPU
		Debug|ARM = Debug|ARM
		Debug|x64 = Debug|x64
		Debug|x86 = Debug|x86
		Jon|Any CPU = Jon|Any CPU
		Jon|ARM = Jon|ARM
		Jon|x64 = Jon|x64
		Jon|x86 = Jon|x86
		Mark|Any CPU = Mark|Any CPU
		Mark|ARM = Mark|ARM
		Mark|x64 = Mark|x64
		Mark|x86 = Mark|x86
		Release|Any CPU = Release|Any CPU
		Release|ARM = Release|ARM
		Release|x64 = Release|x64
		Release|x86 = Release|x86
		Steven|Any CPU = Steven|Any CPU
		Steven|ARM = Steven|ARM
		Steven|x64 = Steven|x64
		Steven|x86 = Steven|x86
		Test1|Any CPU = Test1|Any CPU
		Test1|ARM = Test1|ARM
		Test1|x64 = Test1|x64
		Test1|x86 = Test1|x86
	EndGlobalSection
	GlobalSection(ProjectConfigurationPlatforms) = postSolution
		{50B7B994-61DA-432C-A9E3-EC9D7A9C473E}.Andy|Any CPU.ActiveCfg = Release|Any CPU
		{50B7B994-61DA-432C-A9E3-EC9D7A9C473E}.Andy|Any CPU.Build.0 = Release|Any CPU
		{50B7B994-61DA-432C-A9E3-EC9D7A9C473E}.Andy|ARM.ActiveCfg = Release|Any CPU
		{50B7B994-61DA-432C-A9E3-EC9D7A9C473E}.Andy|ARM.Build.0 = Release|Any CPU
		{50B7B994-61DA-432C-A9E3-EC9D7A9C473E}.Andy|x64.ActiveCfg = Release|Any CPU
		{50B7B994-61DA-432C-A9E3-EC9D7A9C473E}.Andy|x64.Build.0 = Release|Any CPU
		{50B7B994-61DA-432C-A9E3-EC9D7A9C473E}.Andy|x86.ActiveCfg = Release|Any CPU
		{50B7B994-61DA-432C-A9E3-EC9D7A9C473E}.Andy|x86.Build.0 = Release|Any CPU
		{50B7B994-61DA-432C-A9E3-EC9D7A9C473E}.Debug|Any CPU.ActiveCfg = Debug|Any CPU
		{50B7B994-61DA-432C-A9E3-EC9D7A9C473E}.Debug|Any CPU.Build.0 = Debug|Any CPU
		{50B7B994-61DA-432C-A9E3-EC9D7A9C473E}.Debug|ARM.ActiveCfg = Debug|Any CPU
		{50B7B994-61DA-432C-A9E3-EC9D7A9C473E}.Debug|ARM.Build.0 = Debug|Any CPU
		{50B7B994-61DA-432C-A9E3-EC9D7A9C473E}.Debug|x64.ActiveCfg = Debug|Any CPU
		{50B7B994-61DA-432C-A9E3-EC9D7A9C473E}.Debug|x64.Build.0 = Debug|Any CPU
		{50B7B994-61DA-432C-A9E3-EC9D7A9C473E}.Debug|x86.ActiveCfg = Debug|Any CPU
		{50B7B994-61DA-432C-A9E3-EC9D7A9C473E}.Debug|x86.Build.0 = Debug|Any CPU
		{50B7B994-61DA-432C-A9E3-EC9D7A9C473E}.Jon|Any CPU.ActiveCfg = Release|Any CPU
		{50B7B994-61DA-432C-A9E3-EC9D7A9C473E}.Jon|Any CPU.Build.0 = Release|Any CPU
		{50B7B994-61DA-432C-A9E3-EC9D7A9C473E}.Jon|ARM.ActiveCfg = Release|Any CPU
		{50B7B994-61DA-432C-A9E3-EC9D7A9C473E}.Jon|ARM.Build.0 = Release|Any CPU
		{50B7B994-61DA-432C-A9E3-EC9D7A9C473E}.Jon|x64.ActiveCfg = Release|Any CPU
		{50B7B994-61DA-432C-A9E3-EC9D7A9C473E}.Jon|x64.Build.0 = Release|Any CPU
		{50B7B994-61DA-432C-A9E3-EC9D7A9C473E}.Jon|x86.ActiveCfg = Release|Any CPU
		{50B7B994-61DA-432C-A9E3-EC9D7A9C473E}.Jon|x86.Build.0 = Release|Any CPU
		{50B7B994-61DA-432C-A9E3-EC9D7A9C473E}.Mark|Any CPU.ActiveCfg = Release|Any CPU
		{50B7B994-61DA-432C-A9E3-EC9D7A9C473E}.Mark|Any CPU.Build.0 = Release|Any CPU
		{50B7B994-61DA-432C-A9E3-EC9D7A9C473E}.Mark|ARM.ActiveCfg = Release|Any CPU
		{50B7B994-61DA-432C-A9E3-EC9D7A9C473E}.Mark|ARM.Build.0 = Release|Any CPU
		{50B7B994-61DA-432C-A9E3-EC9D7A9C473E}.Mark|x64.ActiveCfg = Release|Any CPU
		{50B7B994-61DA-432C-A9E3-EC9D7A9C473E}.Mark|x64.Build.0 = Release|Any CPU
		{50B7B994-61DA-432C-A9E3-EC9D7A9C473E}.Mark|x86.ActiveCfg = Release|Any CPU
		{50B7B994-61DA-432C-A9E3-EC9D7A9C473E}.Mark|x86.Build.0 = Release|Any CPU
		{50B7B994-61DA-432C-A9E3-EC9D7A9C473E}.Release|Any CPU.ActiveCfg = Release|Any CPU
		{50B7B994-61DA-432C-A9E3-EC9D7A9C473E}.Release|Any CPU.Build.0 = Release|Any CPU
		{50B7B994-61DA-432C-A9E3-EC9D7A9C473E}.Release|ARM.ActiveCfg = Release|Any CPU
		{50B7B994-61DA-432C-A9E3-EC9D7A9C473E}.Release|ARM.Build.0 = Release|Any CPU
		{50B7B994-61DA-432C-A9E3-EC9D7A9C473E}.Release|x64.ActiveCfg = Release|Any CPU
		{50B7B994-61DA-432C-A9E3-EC9D7A9C473E}.Release|x64.Build.0 = Release|Any CPU
		{50B7B994-61DA-432C-A9E3-EC9D7A9C473E}.Release|x86.ActiveCfg = Release|Any CPU
		{50B7B994-61DA-432C-A9E3-EC9D7A9C473E}.Release|x86.Build.0 = Release|Any CPU
		{50B7B994-61DA-432C-A9E3-EC9D7A9C473E}.Steven|Any CPU.ActiveCfg = Release|Any CPU
		{50B7B994-61DA-432C-A9E3-EC9D7A9C473E}.Steven|Any CPU.Build.0 = Release|Any CPU
		{50B7B994-61DA-432C-A9E3-EC9D7A9C473E}.Steven|ARM.ActiveCfg = Release|Any CPU
		{50B7B994-61DA-432C-A9E3-EC9D7A9C473E}.Steven|ARM.Build.0 = Release|Any CPU
		{50B7B994-61DA-432C-A9E3-EC9D7A9C473E}.Steven|x64.ActiveCfg = Release|Any CPU
		{50B7B994-61DA-432C-A9E3-EC9D7A9C473E}.Steven|x64.Build.0 = Release|Any CPU
		{50B7B994-61DA-432C-A9E3-EC9D7A9C473E}.Steven|x86.ActiveCfg = Release|Any CPU
		{50B7B994-61DA-432C-A9E3-EC9D7A9C473E}.Steven|x86.Build.0 = Release|Any CPU
		{50B7B994-61DA-432C-A9E3-EC9D7A9C473E}.Test1|Any CPU.ActiveCfg = Release|Any CPU
		{50B7B994-61DA-432C-A9E3-EC9D7A9C473E}.Test1|Any CPU.Build.0 = Release|Any CPU
		{50B7B994-61DA-432C-A9E3-EC9D7A9C473E}.Test1|ARM.ActiveCfg = Release|Any CPU
		{50B7B994-61DA-432C-A9E3-EC9D7A9C473E}.Test1|ARM.Build.0 = Release|Any CPU
		{50B7B994-61DA-432C-A9E3-EC9D7A9C473E}.Test1|x64.ActiveCfg = Release|Any CPU
		{50B7B994-61DA-432C-A9E3-EC9D7A9C473E}.Test1|x64.Build.0 = Release|Any CPU
		{50B7B994-61DA-432C-A9E3-EC9D7A9C473E}.Test1|x86.ActiveCfg = Release|Any CPU
		{50B7B994-61DA-432C-A9E3-EC9D7A9C473E}.Test1|x86.Build.0 = Release|Any CPU
		{5E6E6C98-320D-4877-95BE-9BD441AD7777}.Andy|Any CPU.ActiveCfg = Release|Any CPU
		{5E6E6C98-320D-4877-95BE-9BD441AD7777}.Andy|Any CPU.Build.0 = Release|Any CPU
		{5E6E6C98-320D-4877-95BE-9BD441AD7777}.Andy|ARM.ActiveCfg = Release|Any CPU
		{5E6E6C98-320D-4877-95BE-9BD441AD7777}.Andy|ARM.Build.0 = Release|Any CPU
		{5E6E6C98-320D-4877-95BE-9BD441AD7777}.Andy|x64.ActiveCfg = Release|Any CPU
		{5E6E6C98-320D-4877-95BE-9BD441AD7777}.Andy|x64.Build.0 = Release|Any CPU
		{5E6E6C98-320D-4877-95BE-9BD441AD7777}.Andy|x86.ActiveCfg = Release|Any CPU
		{5E6E6C98-320D-4877-95BE-9BD441AD7777}.Andy|x86.Build.0 = Release|Any CPU
		{5E6E6C98-320D-4877-95BE-9BD441AD7777}.Debug|Any CPU.ActiveCfg = Debug|Any CPU
		{5E6E6C98-320D-4877-95BE-9BD441AD7777}.Debug|Any CPU.Build.0 = Debug|Any CPU
		{5E6E6C98-320D-4877-95BE-9BD441AD7777}.Debug|ARM.ActiveCfg = Debug|Any CPU
		{5E6E6C98-320D-4877-95BE-9BD441AD7777}.Debug|ARM.Build.0 = Debug|Any CPU
		{5E6E6C98-320D-4877-95BE-9BD441AD7777}.Debug|x64.ActiveCfg = Debug|Any CPU
		{5E6E6C98-320D-4877-95BE-9BD441AD7777}.Debug|x64.Build.0 = Debug|Any CPU
		{5E6E6C98-320D-4877-95BE-9BD441AD7777}.Debug|x86.ActiveCfg = Debug|Any CPU
		{5E6E6C98-320D-4877-95BE-9BD441AD7777}.Debug|x86.Build.0 = Debug|Any CPU
		{5E6E6C98-320D-4877-95BE-9BD441AD7777}.Jon|Any CPU.ActiveCfg = Release|Any CPU
		{5E6E6C98-320D-4877-95BE-9BD441AD7777}.Jon|Any CPU.Build.0 = Release|Any CPU
		{5E6E6C98-320D-4877-95BE-9BD441AD7777}.Jon|ARM.ActiveCfg = Release|Any CPU
		{5E6E6C98-320D-4877-95BE-9BD441AD7777}.Jon|ARM.Build.0 = Release|Any CPU
		{5E6E6C98-320D-4877-95BE-9BD441AD7777}.Jon|x64.ActiveCfg = Release|Any CPU
		{5E6E6C98-320D-4877-95BE-9BD441AD7777}.Jon|x64.Build.0 = Release|Any CPU
		{5E6E6C98-320D-4877-95BE-9BD441AD7777}.Jon|x86.ActiveCfg = Release|Any CPU
		{5E6E6C98-320D-4877-95BE-9BD441AD7777}.Jon|x86.Build.0 = Release|Any CPU
		{5E6E6C98-320D-4877-95BE-9BD441AD7777}.Mark|Any CPU.ActiveCfg = Release|Any CPU
		{5E6E6C98-320D-4877-95BE-9BD441AD7777}.Mark|Any CPU.Build.0 = Release|Any CPU
		{5E6E6C98-320D-4877-95BE-9BD441AD7777}.Mark|ARM.ActiveCfg = Release|Any CPU
		{5E6E6C98-320D-4877-95BE-9BD441AD7777}.Mark|ARM.Build.0 = Release|Any CPU
		{5E6E6C98-320D-4877-95BE-9BD441AD7777}.Mark|x64.ActiveCfg = Release|Any CPU
		{5E6E6C98-320D-4877-95BE-9BD441AD7777}.Mark|x64.Build.0 = Release|Any CPU
		{5E6E6C98-320D-4877-95BE-9BD441AD7777}.Mark|x86.ActiveCfg = Release|Any CPU
		{5E6E6C98-320D-4877-95BE-9BD441AD7777}.Mark|x86.Build.0 = Release|Any CPU
		{5E6E6C98-320D-4877-95BE-9BD441AD7777}.Release|Any CPU.ActiveCfg = Release|Any CPU
		{5E6E6C98-320D-4877-95BE-9BD441AD7777}.Release|Any CPU.Build.0 = Release|Any CPU
		{5E6E6C98-320D-4877-95BE-9BD441AD7777}.Release|ARM.ActiveCfg = Release|Any CPU
		{5E6E6C98-320D-4877-95BE-9BD441AD7777}.Release|ARM.Build.0 = Release|Any CPU
		{5E6E6C98-320D-4877-95BE-9BD441AD7777}.Release|x64.ActiveCfg = Release|Any CPU
		{5E6E6C98-320D-4877-95BE-9BD441AD7777}.Release|x64.Build.0 = Release|Any CPU
		{5E6E6C98-320D-4877-95BE-9BD441AD7777}.Release|x86.ActiveCfg = Release|Any CPU
		{5E6E6C98-320D-4877-95BE-9BD441AD7777}.Release|x86.Build.0 = Release|Any CPU
		{5E6E6C98-320D-4877-95BE-9BD441AD7777}.Steven|Any CPU.ActiveCfg = Release|Any CPU
		{5E6E6C98-320D-4877-95BE-9BD441AD7777}.Steven|Any CPU.Build.0 = Release|Any CPU
		{5E6E6C98-320D-4877-95BE-9BD441AD7777}.Steven|ARM.ActiveCfg = Release|Any CPU
		{5E6E6C98-320D-4877-95BE-9BD441AD7777}.Steven|ARM.Build.0 = Release|Any CPU
		{5E6E6C98-320D-4877-95BE-9BD441AD7777}.Steven|x64.ActiveCfg = Release|Any CPU
		{5E6E6C98-320D-4877-95BE-9BD441AD7777}.Steven|x64.Build.0 = Release|Any CPU
		{5E6E6C98-320D-4877-95BE-9BD441AD7777}.Steven|x86.ActiveCfg = Release|Any CPU
		{5E6E6C98-320D-4877-95BE-9BD441AD7777}.Steven|x86.Build.0 = Release|Any CPU
		{5E6E6C98-320D-4877-95BE-9BD441AD7777}.Test1|Any CPU.ActiveCfg = Release|Any CPU
		{5E6E6C98-320D-4877-95BE-9BD441AD7777}.Test1|Any CPU.Build.0 = Release|Any CPU
		{5E6E6C98-320D-4877-95BE-9BD441AD7777}.Test1|ARM.ActiveCfg = Release|Any CPU
		{5E6E6C98-320D-4877-95BE-9BD441AD7777}.Test1|ARM.Build.0 = Release|Any CPU
		{5E6E6C98-320D-4877-95BE-9BD441AD7777}.Test1|x64.ActiveCfg = Release|Any CPU
		{5E6E6C98-320D-4877-95BE-9BD441AD7777}.Test1|x64.Build.0 = Release|Any CPU
		{5E6E6C98-320D-4877-95BE-9BD441AD7777}.Test1|x86.ActiveCfg = Release|Any CPU
		{5E6E6C98-320D-4877-95BE-9BD441AD7777}.Test1|x86.Build.0 = Release|Any CPU
		{96BFD683-6960-474F-8D41-2CB54CA76F04}.Andy|Any CPU.ActiveCfg = Andy|Any CPU
		{96BFD683-6960-474F-8D41-2CB54CA76F04}.Andy|Any CPU.Build.0 = Andy|Any CPU
		{96BFD683-6960-474F-8D41-2CB54CA76F04}.Andy|ARM.ActiveCfg = Andy|Any CPU
		{96BFD683-6960-474F-8D41-2CB54CA76F04}.Andy|ARM.Build.0 = Andy|Any CPU
		{96BFD683-6960-474F-8D41-2CB54CA76F04}.Andy|x64.ActiveCfg = Andy|Any CPU
		{96BFD683-6960-474F-8D41-2CB54CA76F04}.Andy|x64.Build.0 = Andy|Any CPU
		{96BFD683-6960-474F-8D41-2CB54CA76F04}.Andy|x86.ActiveCfg = Andy|Any CPU
		{96BFD683-6960-474F-8D41-2CB54CA76F04}.Andy|x86.Build.0 = Andy|Any CPU
		{96BFD683-6960-474F-8D41-2CB54CA76F04}.Debug|Any CPU.ActiveCfg = Debug|Any CPU
		{96BFD683-6960-474F-8D41-2CB54CA76F04}.Debug|Any CPU.Build.0 = Debug|Any CPU
		{96BFD683-6960-474F-8D41-2CB54CA76F04}.Debug|ARM.ActiveCfg = Debug|Any CPU
		{96BFD683-6960-474F-8D41-2CB54CA76F04}.Debug|ARM.Build.0 = Debug|Any CPU
		{96BFD683-6960-474F-8D41-2CB54CA76F04}.Debug|x64.ActiveCfg = Debug|Any CPU
		{96BFD683-6960-474F-8D41-2CB54CA76F04}.Debug|x64.Build.0 = Debug|Any CPU
		{96BFD683-6960-474F-8D41-2CB54CA76F04}.Debug|x86.ActiveCfg = Debug|Any CPU
		{96BFD683-6960-474F-8D41-2CB54CA76F04}.Debug|x86.Build.0 = Debug|Any CPU
		{96BFD683-6960-474F-8D41-2CB54CA76F04}.Jon|Any CPU.ActiveCfg = Jon|Any CPU
		{96BFD683-6960-474F-8D41-2CB54CA76F04}.Jon|Any CPU.Build.0 = Jon|Any CPU
		{96BFD683-6960-474F-8D41-2CB54CA76F04}.Jon|ARM.ActiveCfg = Jon|Any CPU
		{96BFD683-6960-474F-8D41-2CB54CA76F04}.Jon|ARM.Build.0 = Jon|Any CPU
		{96BFD683-6960-474F-8D41-2CB54CA76F04}.Jon|x64.ActiveCfg = Jon|Any CPU
		{96BFD683-6960-474F-8D41-2CB54CA76F04}.Jon|x64.Build.0 = Jon|Any CPU
		{96BFD683-6960-474F-8D41-2CB54CA76F04}.Jon|x86.ActiveCfg = Jon|Any CPU
		{96BFD683-6960-474F-8D41-2CB54CA76F04}.Jon|x86.Build.0 = Jon|Any CPU
		{96BFD683-6960-474F-8D41-2CB54CA76F04}.Mark|Any CPU.ActiveCfg = Mark|Any CPU
		{96BFD683-6960-474F-8D41-2CB54CA76F04}.Mark|Any CPU.Build.0 = Mark|Any CPU
		{96BFD683-6960-474F-8D41-2CB54CA76F04}.Mark|ARM.ActiveCfg = Mark|Any CPU
		{96BFD683-6960-474F-8D41-2CB54CA76F04}.Mark|ARM.Build.0 = Mark|Any CPU
		{96BFD683-6960-474F-8D41-2CB54CA76F04}.Mark|x64.ActiveCfg = Mark|Any CPU
		{96BFD683-6960-474F-8D41-2CB54CA76F04}.Mark|x64.Build.0 = Mark|Any CPU
		{96BFD683-6960-474F-8D41-2CB54CA76F04}.Mark|x86.ActiveCfg = Mark|Any CPU
		{96BFD683-6960-474F-8D41-2CB54CA76F04}.Mark|x86.Build.0 = Mark|Any CPU
		{96BFD683-6960-474F-8D41-2CB54CA76F04}.Release|Any CPU.ActiveCfg = Release|Any CPU
		{96BFD683-6960-474F-8D41-2CB54CA76F04}.Release|Any CPU.Build.0 = Release|Any CPU
		{96BFD683-6960-474F-8D41-2CB54CA76F04}.Release|ARM.ActiveCfg = Release|Any CPU
		{96BFD683-6960-474F-8D41-2CB54CA76F04}.Release|ARM.Build.0 = Release|Any CPU
		{96BFD683-6960-474F-8D41-2CB54CA76F04}.Release|x64.ActiveCfg = Release|Any CPU
		{96BFD683-6960-474F-8D41-2CB54CA76F04}.Release|x64.Build.0 = Release|Any CPU
		{96BFD683-6960-474F-8D41-2CB54CA76F04}.Release|x86.ActiveCfg = Release|Any CPU
		{96BFD683-6960-474F-8D41-2CB54CA76F04}.Release|x86.Build.0 = Release|Any CPU
		{96BFD683-6960-474F-8D41-2CB54CA76F04}.Steven|Any CPU.ActiveCfg = Steven|Any CPU
		{96BFD683-6960-474F-8D41-2CB54CA76F04}.Steven|Any CPU.Build.0 = Steven|Any CPU
		{96BFD683-6960-474F-8D41-2CB54CA76F04}.Steven|ARM.ActiveCfg = Steven|Any CPU
		{96BFD683-6960-474F-8D41-2CB54CA76F04}.Steven|ARM.Build.0 = Steven|Any CPU
		{96BFD683-6960-474F-8D41-2CB54CA76F04}.Steven|x64.ActiveCfg = Steven|Any CPU
		{96BFD683-6960-474F-8D41-2CB54CA76F04}.Steven|x64.Build.0 = Steven|Any CPU
		{96BFD683-6960-474F-8D41-2CB54CA76F04}.Steven|x86.ActiveCfg = Steven|Any CPU
		{96BFD683-6960-474F-8D41-2CB54CA76F04}.Steven|x86.Build.0 = Steven|Any CPU
		{96BFD683-6960-474F-8D41-2CB54CA76F04}.Test1|Any CPU.ActiveCfg = Test1|Any CPU
		{96BFD683-6960-474F-8D41-2CB54CA76F04}.Test1|Any CPU.Build.0 = Test1|Any CPU
		{96BFD683-6960-474F-8D41-2CB54CA76F04}.Test1|ARM.ActiveCfg = Test1|Any CPU
		{96BFD683-6960-474F-8D41-2CB54CA76F04}.Test1|ARM.Build.0 = Test1|Any CPU
		{96BFD683-6960-474F-8D41-2CB54CA76F04}.Test1|x64.ActiveCfg = Test1|Any CPU
		{96BFD683-6960-474F-8D41-2CB54CA76F04}.Test1|x64.Build.0 = Test1|Any CPU
		{96BFD683-6960-474F-8D41-2CB54CA76F04}.Test1|x86.ActiveCfg = Test1|Any CPU
		{96BFD683-6960-474F-8D41-2CB54CA76F04}.Test1|x86.Build.0 = Test1|Any CPU
	EndGlobalSection
	GlobalSection(SolutionProperties) = preSolution
		HideSolutionNode = FALSE
	EndGlobalSection
EndGlobal
